
Microsoft Visual Studio Solution File, Format Version 12.00
# Visual Studio Version 17
VisualStudioVersion = 17.13.35806.99 d17.13
MinimumVisualStudioVersion = 10.0.40219.1
Project("{FAE04EC0-301F-11D3-BF4B-00C04F79EFBC}") = "TheSampleApi", "TheSampleApi\TheSampleApi.csproj", "{CE7E7A2A-F882-40BB-B7A2-FEBFA501A926}"
EndProject
Global
	GlobalSection(SolutionConfigurationPlatforms) = preSolution
		Debug|Any CPU = Debug|Any CPU
		Release|Any CPU = Release|Any CPU
	EndGlobalSection
	GlobalSection(ProjectConfigurationPlatforms) = postSolution
		{CE7E7A2A-F882-40BB-B7A2-FEBFA501A926}.Debug|Any CPU.ActiveCfg = Debug|Any CPU
		{CE7E7A2A-F882-40BB-B7A2-FEBFA501A926}.Debug|Any CPU.Build.0 = Debug|Any CPU
		{CE7E7A2A-F882-40BB-B7A2-FEBFA501A926}.Release|Any CPU.ActiveCfg = Release|Any CPU
		{CE7E7A2A-F882-40BB-B7A2-FEBFA501A926}.Release|Any CPU.Build.0 = Release|Any CPU
	EndGlobalSection
	GlobalSection(SolutionProperties) = preSolution
		HideSolutionNode = FALSE
	EndGlobalSection
	GlobalSection(ExtensibilityGlobals) = postSolution
		SolutionGuid = {FCBDDF2B-2791-4F40-A75E-08164886B676}
	EndGlobalSection
EndGlobal
